
Microsoft Visual Studio Solution File, Format Version 12.00
# Visual Studio Version 17
VisualStudioVersion = 17.14.36408.4
MinimumVisualStudioVersion = 10.0.40219.1
Project("{FAE04EC0-301F-11D3-BF4B-00C04F79EFBC}") = "Luke.RespawnTimers", "Luke.RespawnTimers\Luke.RespawnTimers.csproj", "{0DB7615B-F6A1-4D76-8A0C-1A8F7295E0F0}"
EndProject
Global
	GlobalSection(SolutionConfigurationPlatforms) = preSolution
		Debug|Any CPU = Debug|Any CPU
		Debug|x64 = Debug|x64
		Release|Any CPU = Release|Any CPU
		Release|x64 = Release|x64
	EndGlobalSection
	GlobalSection(ProjectConfigurationPlatforms) = postSolution
		{0DB7615B-F6A1-4D76-8A0C-1A8F7295E0F0}.Debug|Any CPU.ActiveCfg = Debug|Any CPU
		{0DB7615B-F6A1-4D76-8A0C-1A8F7295E0F0}.Debug|Any CPU.Build.0 = Debug|Any CPU
		{0DB7615B-F6A1-4D76-8A0C-1A8F7295E0F0}.Debug|x64.ActiveCfg = Debug|x64
		{0DB7615B-F6A1-4D76-8A0C-1A8F7295E0F0}.Debug|x64.Build.0 = Debug|x64
		{0DB7615B-F6A1-4D76-8A0C-1A8F7295E0F0}.Release|Any CPU.ActiveCfg = Release|Any CPU
		{0DB7615B-F6A1-4D76-8A0C-1A8F7295E0F0}.Release|Any CPU.Build.0 = Release|Any CPU
		{0DB7615B-F6A1-4D76-8A0C-1A8F7295E0F0}.Release|x64.ActiveCfg = Release|x64
		{0DB7615B-F6A1-4D76-8A0C-1A8F7295E0F0}.Release|x64.Build.0 = Release|x64
	EndGlobalSection
	GlobalSection(SolutionProperties) = preSolution
		HideSolutionNode = FALSE
	EndGlobalSection
	GlobalSection(ExtensibilityGlobals) = postSolution
		SolutionGuid = {AD540DDE-2946-455D-83FC-55E27A063CCD}
	EndGlobalSection
EndGlobal
